
Microsoft Visual Studio Solution File, Format Version 12.00
# Visual Studio Version 17
VisualStudioVersion = 17.1.32319.34
MinimumVisualStudioVersion = 10.0.40219.1
Project("{9A19103F-16F7-4668-BE54-9A1E7A4F7556}") = "SimpleWeather", "_src\SimpleWeather.csproj", "{F7F709EA-6002-464A-89CA-30A70589A048}"
EndProject
Project("{2150E333-8FDC-42A3-9474-1A3956D46DE8}") = "_src", "_src", "{7E3E27DE-18A4-409D-8BA6-D498A1CCE5C3}"
EndProject
Project("{2150E333-8FDC-42A3-9474-1A3956D46DE8}") = "Tests", "Tests", "{43238191-67F0-40BE-A3CF-AF82788D6064}"
EndProject
Project("{9A19103F-16F7-4668-BE54-9A1E7A4F7556}") = "SimpleWeather.Test", "Tests\SimpleWeather.Test\SimpleWeather.Test.csproj", "{34B0C098-72DB-4ECA-98AD-CF5FB75C74D8}"
EndProject
Global
	GlobalSection(SolutionConfigurationPlatforms) = preSolution
		Debug|Any CPU = Debug|Any CPU
		Release|Any CPU = Release|Any CPU
	EndGlobalSection
	GlobalSection(ProjectConfigurationPlatforms) = postSolution
		{F7F709EA-6002-464A-89CA-30A70589A048}.Debug|Any CPU.ActiveCfg = Debug|Any CPU
		{F7F709EA-6002-464A-89CA-30A70589A048}.Debug|Any CPU.Build.0 = Debug|Any CPU
		{F7F709EA-6002-464A-89CA-30A70589A048}.Release|Any CPU.ActiveCfg = Release|Any CPU
		{F7F709EA-6002-464A-89CA-30A70589A048}.Release|Any CPU.Build.0 = Release|Any CPU
		{34B0C098-72DB-4ECA-98AD-CF5FB75C74D8}.Debug|Any CPU.ActiveCfg = Debug|Any CPU
		{34B0C098-72DB-4ECA-98AD-CF5FB75C74D8}.Debug|Any CPU.Build.0 = Debug|Any CPU
		{34B0C098-72DB-4ECA-98AD-CF5FB75C74D8}.Release|Any CPU.ActiveCfg = Release|Any CPU
		{34B0C098-72DB-4ECA-98AD-CF5FB75C74D8}.Release|Any CPU.Build.0 = Release|Any CPU
	EndGlobalSection
	GlobalSection(SolutionProperties) = preSolution
		HideSolutionNode = FALSE
	EndGlobalSection
	GlobalSection(NestedProjects) = preSolution
		{F7F709EA-6002-464A-89CA-30A70589A048} = {7E3E27DE-18A4-409D-8BA6-D498A1CCE5C3}
		{34B0C098-72DB-4ECA-98AD-CF5FB75C74D8} = {43238191-67F0-40BE-A3CF-AF82788D6064}
	EndGlobalSection
	GlobalSection(ExtensibilityGlobals) = postSolution
		SolutionGuid = {808C9762-04C4-43BB-A394-D0A1D35AFF39}
	EndGlobalSection
EndGlobal
